lockfileVersion: '9.0'

settings:
  autoInstallPeers: true
  excludeLinksFromLockfile: false

importers:

  .:
    dependencies:
      '@capacitor/core':
        specifier: ^7.6.7
        version: 7.6.7
    devDependencies:
      '@biomejs/biome':
        specifier: ^2.5.2
        version: 2.5.2
      '@capacitor/android':
        specifier: ^7.6.7
        version: 7.6.7(@capacitor/core@7.6.7)
      '@capacitor/docgen':
        specifier: ^0.2.2
        version: 0.2.2
      rimraf:
        specifier: ^3.0.2
        version: 3.0.2
      rollup:
        specifier: ^2.80.0
        version: 2.80.0
      typescript:
        specifier: ^5.9.3
        version: 5.9.3

packages:

  '@biomejs/biome@2.5.2':
    resolution: {integrity: sha512-VQ3RCqr7JmDIX+w6stWYl+g/3bYofN3q2wDBHUKKc/c7i5QWrFKFBZYCYPWTE6agsUPMIZZe6/CMmVUfUAhkKA==}
    engines: {node: '>=14.21.3'}
    hasBin: true

  '@biomejs/cli-darwin-arm64@2.5.2':
    resolution: {integrity: sha512-e7P3P7EkwFc/KiX2AHw4YDLIBOMfG9CPCAwy52k5Bp0dfhkozx9hf6wCmIr2QeXy2XeccJ3V/Sg+hDmzYEqxSg==}
    engines: {node: '>=14.21.3'}
    cpu: [arm64]
    os: [darwin]

  '@biomejs/cli-darwin-x64@2.5.2':
    resolution: {integrity: sha512-ymzMvjC1Jg0b9K0D26ZdARqFQXs7MocfLC5FOCGfkC0Ss+ACUJkX5364ZM5nT4NLZanHRZNVrZEy+Ibwcvux/g==}
    engines: {node: '>=14.21.3'}
    cpu: [x64]
    os: [darwin]

  '@biomejs/cli-linux-arm64-musl@2.5.2':
    resolution: {integrity: sha512-w+ANG0ZvTu9IeEg9QnstoOnk6L0fpwJifW6aHR18+cb5Z39bkANItYjAfMrnvce5tmMK+IQ6nPX7/kQFdam5iw==}
    engines: {node: '>=14.21.3'}
    cpu: [arm64]
    os: [linux]
    libc: [musl]

  '@biomejs/cli-linux-arm64@2.5.2':
    resolution: {integrity: sha512-t7sseOmqND57uUWTwlawU6BYj+J06T/9EkydzBhkrgw/FK3QVhjU2wsJR0frljrKZ0/I8A/rYw7284QgqjQfIQ==}
    engines: {node: '>=14.21.3'}
    cpu: [arm64]
    os: [linux]
    libc: [glibc]

  '@biomejs/cli-linux-x64-musl@2.5.2':
    resolution: {integrity: sha512-VArNLAzND063tF+XY0yPyM+DyahpzOMzOAvb7qs259nhjJWRjvjZdssuA+Rfl+l07+NOesKZ0Xu2yFrXyBMtzw==}
    engines: {node: '>=14.21.3'}
    cpu: [x64]
    os: [linux]
    libc: [musl]

  '@biomejs/cli-linux-x64@2.5.2':
    resolution: {integrity: sha512-M/lOZrewzTCRDINbjhQ1gYYru37KlD3kJBQwwKCG0ckz5E9IZwIoJ3X0wBwRXA+yBDIwWUuPBHS67HzJY4dTfA==}
    engines: {node: '>=14.21.3'}
    cpu: [x64]
    os: [linux]
    libc: [glibc]

  '@biomejs/cli-win32-arm64@2.5.2':
    resolution: {integrity: sha512-kbjFFKyZlzYnAuw7sRy5qDoFG6zrP40UK08oPQsWK0ct3NMnGSt+Bs1iviEEyEIP57N5MrykGXdO/wRiaR4lww==}
    engines: {node: '>=14.21.3'}
    cpu: [arm64]
    os: [win32]

  '@biomejs/cli-win32-x64@2.5.2':
    resolution: {integrity: sha512-4InchVpdVmdkkkgjQqKpgvyu+VPnoF/7RPSw5YATgEVpt2j72wcCAeV5TwaE9ZGJUZWZn7v2CwSAj6CrMJEx8A==}
    engines: {node: '>=14.21.3'}
    cpu: [x64]
    os: [win32]

  '@capacitor/android@7.6.7':
    resolution: {integrity: sha512-YXJoXhjgVTczgwJrcm0b2ZTdAOYgY7UXRYgsOZtpA6CHJQFRcssEdXnzPkfaMYkK4AqfzrlDqDxe5UeZT7ZS4w==}
    peerDependencies:
      '@capacitor/core': ^7.6.0

  '@capacitor/core@7.6.7':
    resolution: {integrity: sha512-DR0kqfcsDzWhvskz+sJWy41cdv+P1ITjmOYYG5WSV88EO6tx5Tf82M61vp4NjV7rfQDUAQjBAypgaTiB2/2oEg==}

  '@capacitor/docgen@0.2.2':
    resolution: {integrity: sha512-617jB5DlKjUljxfoANORWeqffsHqHekckH48oslKWFGzfCHYIAEPfJfMa5M4mVSzn2ifSvWB5C3st4augwhl5w==}
    engines: {node: '>=14.5.0'}
    hasBin: true

  '@types/node@14.18.63':
    resolution: {integrity: sha512-fAtCfv4jJg+ExtXhvCkCqUKZ+4ok/JQk01qDKhL5BDDoS3AxKXhV5/MAVUZyQnSEd2GT92fkgZl0pz0Q0AzcIQ==}

  balanced-match@1.0.2:
    resolution: {integrity: sha512-3oSeUO0TMV67hN1AmbXsK4yaqU7tjiHlbxRDZOpH0KW9+CeX4bRAaX0Anxt0tx2MrpRpWwQaPwIlISEJhYU5Pw==}

  brace-expansion@1.1.15:
    resolution: {integrity: sha512-EwOCDEex4quD37XhqM3omwtMoJjr//isUZz1JopUNWms+4Z2ViyM/k1YIRePpoVNnQhENnxtFjLaxNHrT7xIUg==}

  colorette@2.0.20:
    resolution: {integrity: sha512-IfEDxwoWIjkeXL1eXcDiow4UbKjhLdq6/EuSVR9GMN7KVH3r9gQ83e73hsz1Nd1T3ijd5xv1wcWRYO+D6kCI2w==}

  concat-map@0.0.1:
    resolution: {integrity: sha512-/Srv4dswyQNBfohGpz9o6Yb3Gz3SrUDqBH5rTuhGR7ahtlbYKnVxw2bCFMRljaA7EXHaXZ8wsHdodFvbkhKmqg==}

  fs.realpath@1.0.0:
    resolution: {integrity: sha512-OO0pH2lK6a0hZnAdau5ItzHPI6pUlvI7jMVnxUQRtw4owF2wk8lOSabtGDCTP4Ggrg2MbGnWO9X8K1t4+fGMDw==}

  fsevents@2.3.3:
    resolution: {integrity: sha512-5xoDfX+fL7faATnagmWPpbFtwh/R77WmMMqqHGS65C3vvB0YHrgF+B1YmZ3441tMj5n63k0212XNoJwzlhffQw==}
    engines: {node: ^8.16.0 || ^10.6.0 || >=11.0.0}
    os: [darwin]

  github-slugger@1.5.0:
    resolution: {integrity: sha512-wIh+gKBI9Nshz2o46B0B3f5k/W+WI9ZAv6y5Dn5WJ5SK1t0TnDimB4WE5rmTD05ZAIn8HALCZVmCsvj0w0v0lw==}

  glob@7.2.3:
    resolution: {integrity: sha512-nFR0zLpU2YCaRxwoCJvL6UvCH2JFyFVIvwTLsIf21AuHlMskA1hhTdk+LlYJtOlYt9v6dvszD2BGRqBL+iQK9Q==}
    deprecated: Old versions of glob are not supported, and contain widely publicized security vulnerabilities, which have been fixed in the current version. Please update. Support for old versions may be purchased (at exorbitant rates) by contacting i@izs.me

  inflight@1.0.6:
    resolution: {integrity: sha512-k92I/b08q4wvFscXCLvqfsHCrjrF7yiXsQuIVvVE7N82W3+aqpzuUdBbfhWcy/FZR3/4IgflMgKLOsvPDrGCJA==}
    deprecated: This module is not supported, and leaks memory. Do not use it. Check out lru-cache if you want a good and tested way to coalesce async requests by a key value, which is much more comprehensive and powerful.

  inherits@2.0.4:
    resolution: {integrity: sha512-k/vGaX4/Yla3WzyMCvTQOXYeIHvqOKtnqBduzTHpzpQZzAskKMhZ2K+EnBiSM9zGSoIFeMpXKxa4dYeZIQqewQ==}

  minimatch@3.1.5:
    resolution: {integrity: sha512-VgjWUsnnT6n+NUk6eZq77zeFdpW2LWDzP6zFGrCbHXiYNul5Dzqk2HHQ5uFH2DNW5Xbp8+jVzaeNt94ssEEl4w==}

  minimist@1.2.8:
    resolution: {integrity: sha512-2yyAR8qBkN3YuheJanUpWC5U3bb5osDywNB8RzDVlDwDHbocAJveqqj1u8+SVD7jkWT4yvsHCpWqqWqAxb0zCA==}

  once@1.4.0:
    resolution: {integrity: sha512-lNaJgI+2Q5URQBkccEKHTQOPaXdUxnZZElQTZY0MFUAuaEqe1E+Nyvgdz/aIyNi6Z9MzO5dv1H8n58/GELp3+w==}

  path-is-absolute@1.0.1:
    resolution: {integrity: sha512-AVbw3UJ2e9bq64vSaS9Am0fje1Pa8pbGqTTsmXfaIiMpnr5DlDhfJOuLj9Sf95ZPVDAUerDfEk88MPmPe7UCQg==}
    engines: {node: '>=0.10.0'}

  rimraf@3.0.2:
    resolution: {integrity: sha512-JZkJMZkAGFFPP2YqXZXPbMlMBgsxzE8ILs4lMIX/2o0L9UBw9O/Y3o6wFw/i9YLapcUJWwqbi3kdxIPdC62TIA==}
    deprecated: Rimraf versions prior to v4 are no longer supported
    hasBin: true

  rollup@2.80.0:
    resolution: {integrity: sha512-cIFJOD1DESzpjOBl763Kp1AH7UE/0fcdHe6rZXUdQ9c50uvgigvW97u3IcSeBwOkgqL/PXPBktBCh0KEu5L8XQ==}
    engines: {node: '>=10.0.0'}
    hasBin: true

  tslib@2.8.1:
    resolution: {integrity: sha512-oJFu94HQb+KVduSUQL7wnpmqnfmLsOA/nAh6b6EH0wCEoK0/mPeXU6c3wKDV83MkOuHPRHtSXKKU99IBazS/2w==}

  typescript@4.2.4:
    resolution: {integrity: sha512-V+evlYHZnQkaz8TRBuxTA92yZBPotr5H+WhQ7bD3hZUndx5tGOa1fuCgeSjxAzM1RiN5IzvadIXTVefuuwZCRg==}
    engines: {node: '>=4.2.0'}
    hasBin: true

  typescript@5.9.3:
    resolution: {integrity: sha512-jl1vZzPDinLr9eUt3J/t7V6FgNEw9QjvBPdysz9KfQDD41fQrC2Y4vKQdiaUpFT4bXlb1RHhLpp8wtm6M5TgSw==}
    engines: {node: '>=14.17'}
    hasBin: true

  wrappy@1.0.2:
    resolution: {integrity: sha512-l4Sp/DRseor9wL6EvV2+TuQn63dMkPjZ/sp9XkghTEbV9KlPS1xUsZ3u7/IQO4wxtcFB4bgpQPRcR3QCvezPcQ==}

snapshots:

  '@biomejs/biome@2.5.2':
    optionalDependencies:
      '@biomejs/cli-darwin-arm64': 2.5.2
      '@biomejs/cli-darwin-x64': 2.5.2
      '@biomejs/cli-linux-arm64': 2.5.2
      '@biomejs/cli-linux-arm64-musl': 2.5.2
      '@biomejs/cli-linux-x64': 2.5.2
      '@biomejs/cli-linux-x64-musl': 2.5.2
      '@biomejs/cli-win32-arm64': 2.5.2
      '@biomejs/cli-win32-x64': 2.5.2

  '@biomejs/cli-darwin-arm64@2.5.2':
    optional: true

  '@biomejs/cli-darwin-x64@2.5.2':
    optional: true

  '@biomejs/cli-linux-arm64-musl@2.5.2':
    optional: true

  '@biomejs/cli-linux-arm64@2.5.2':
    optional: true

  '@biomejs/cli-linux-x64-musl@2.5.2':
    optional: true

  '@biomejs/cli-linux-x64@2.5.2':
    optional: true

  '@biomejs/cli-win32-arm64@2.5.2':
    optional: true

  '@biomejs/cli-win32-x64@2.5.2':
    optional: true

  '@capacitor/android@7.6.7(@capacitor/core@7.6.7)':
    dependencies:
      '@capacitor/core': 7.6.7

  '@capacitor/core@7.6.7':
    dependencies:
      tslib: 2.8.1

  '@capacitor/docgen@0.2.2':
    dependencies:
      '@types/node': 14.18.63
      colorette: 2.0.20
      github-slugger: 1.5.0
      minimist: 1.2.8
      typescript: 4.2.4

  '@types/node@14.18.63': {}

  balanced-match@1.0.2: {}

  brace-expansion@1.1.15:
    dependencies:
      balanced-match: 1.0.2
      concat-map: 0.0.1

  colorette@2.0.20: {}

  concat-map@0.0.1: {}

  fs.realpath@1.0.0: {}

  fsevents@2.3.3:
    optional: true

  github-slugger@1.5.0: {}

  glob@7.2.3:
    dependencies:
      fs.realpath: 1.0.0
      inflight: 1.0.6
      inherits: 2.0.4
      minimatch: 3.1.5
      once: 1.4.0
      path-is-absolute: 1.0.1

  inflight@1.0.6:
    dependencies:
      once: 1.4.0
      wrappy: 1.0.2

  inherits@2.0.4: {}

  minimatch@3.1.5:
    dependencies:
      brace-expansion: 1.1.15

  minimist@1.2.8: {}

  once@1.4.0:
    dependencies:
      wrappy: 1.0.2

  path-is-absolute@1.0.1: {}

  rimraf@3.0.2:
    dependencies:
      glob: 7.2.3

  rollup@2.80.0:
    optionalDependencies:
      fsevents: 2.3.3

  tslib@2.8.1: {}

  typescript@4.2.4: {}

  typescript@5.9.3: {}

  wrappy@1.0.2: {}
